
Microsoft Visual Studio Solution File, Format Version 12.00
# Visual Studio 15
VisualStudioVersion = 15.0.28010.2036
MinimumVisualStudioVersion = 10.0.40219.1
Project("{FAE04EC0-301F-11D3-BF4B-00C04F79EFBC}") = "Graph2", "Graph2\Graph2.csproj", "{3C09133E-D774-47D0-AFB3-3B47F261A13E}"
EndProject
Global
	GlobalSection(SolutionConfigurationPlatforms) = preSolution
		Debug|Any CPU = Debug|Any CPU
		Release|Any CPU = Release|Any CPU
	EndGlobalSection
	GlobalSection(ProjectConfigurationPlatforms) = postSolution
		{3C09133E-D774-47D0-AFB3-3B47F261A13E}.Debug|Any CPU.ActiveCfg = Debug|Any CPU
		{3C09133E-D774-47D0-AFB3-3B47F261A13E}.Debug|Any CPU.Build.0 = Debug|Any CPU
		{3C09133E-D774-47D0-AFB3-3B47F261A13E}.Release|Any CPU.ActiveCfg = Release|Any CPU
		{3C09133E-D774-47D0-AFB3-3B47F261A13E}.Release|Any CPU.Build.0 = Release|Any CPU
	EndGlobalSection
	GlobalSection(SolutionProperties) = preSolution
		HideSolutionNode = FALSE
	EndGlobalSection
	GlobalSection(ExtensibilityGlobals) = postSolution
		SolutionGuid = {8751F6F1-30F0-4E51-9E37-B09F79C3DD6E}
	EndGlobalSection
EndGlobal
